
Microsoft Visual Studio Solution File, Format Version 12.00
# Visual Studio 15
VisualStudioVersion = 15.0.27130.2027
MinimumVisualStudioVersion = 10.0.40219.1
Project("{FAE04EC0-301F-11D3-BF4B-00C04F79EFBC}") = "CloysterBell.Controller", "CloysterBell\CloysterBell.Controller.csproj", "{2C7EC408-086A-4D22-B48C-E47067568FF5}"
EndProject
Project("{FAE04EC0-301F-11D3-BF4B-00C04F79EFBC}") = "CloysterBell.Contract", "CloysterBell.Contract\CloysterBell.Contract.csproj", "{019AD796-A0B0-49AA-B453-CE0527CE592C}"
EndProject
Project("{FAE04EC0-301F-11D3-BF4B-00C04F79EFBC}") = "CloysterBell.Service", "CloysterBell.Service\CloysterBell.Service.csproj", "{41950A40-CE96-4FB9-B79C-E6ADB7A58B44}"
EndProject
Project("{FAE04EC0-301F-11D3-BF4B-00C04F79EFBC}") = "CloysterBell.BusinessOperations", "CloysterBell.BusinessOperations\CloysterBell.BusinessOperations.csproj", "{79233F71-847F-4BD5-AFEE-3C6E32A755D8}"
EndProject
Project("{FAE04EC0-301F-11D3-BF4B-00C04F79EFBC}") = "CloysterBell.Repository", "CloysterBell.Repository\CloysterBell.Repository.csproj", "{81F7DDE9-AE06-4880-95B0-EB3013A4F442}"
EndProject
Project("{FAE04EC0-301F-11D3-BF4B-00C04F79EFBC}") = "CloysterBell.Common", "CloysterBell.Common\CloysterBell.Common.csproj", "{EBFBED3D-AC1F-4264-932E-615A30EEEDDC}"
EndProject
Global
	GlobalSection(SolutionConfigurationPlatforms) = preSolution
		Debug|Any CPU = Debug|Any CPU
		Release|Any CPU = Release|Any CPU
	EndGlobalSection
	GlobalSection(ProjectConfigurationPlatforms) = postSolution
		{2C7EC408-086A-4D22-B48C-E47067568FF5}.Debug|Any CPU.ActiveCfg = Debug|Any CPU
		{2C7EC408-086A-4D22-B48C-E47067568FF5}.Debug|Any CPU.Build.0 = Debug|Any CPU
		{2C7EC408-086A-4D22-B48C-E47067568FF5}.Release|Any CPU.ActiveCfg = Release|Any CPU
		{2C7EC408-086A-4D22-B48C-E47067568FF5}.Release|Any CPU.Build.0 = Release|Any CPU
		{019AD796-A0B0-49AA-B453-CE0527CE592C}.Debug|Any CPU.ActiveCfg = Debug|Any CPU
		{019AD796-A0B0-49AA-B453-CE0527CE592C}.Debug|Any CPU.Build.0 = Debug|Any CPU
		{019AD796-A0B0-49AA-B453-CE0527CE592C}.Release|Any CPU.ActiveCfg = Release|Any CPU
		{019AD796-A0B0-49AA-B453-CE0527CE592C}.Release|Any CPU.Build.0 = Release|Any CPU
		{41950A40-CE96-4FB9-B79C-E6ADB7A58B44}.Debug|Any CPU.ActiveCfg = Debug|Any CPU
		{41950A40-CE96-4FB9-B79C-E6ADB7A58B44}.Debug|Any CPU.Build.0 = Debug|Any CPU
		{41950A40-CE96-4FB9-B79C-E6ADB7A58B44}.Release|Any CPU.ActiveCfg = Release|Any CPU
		{41950A40-CE96-4FB9-B79C-E6ADB7A58B44}.Release|Any CPU.Build.0 = Release|Any CPU
		{79233F71-847F-4BD5-AFEE-3C6E32A755D8}.Debug|Any CPU.ActiveCfg = Debug|Any CPU
		{79233F71-847F-4BD5-AFEE-3C6E32A755D8}.Debug|Any CPU.Build.0 = Debug|Any CPU
		{79233F71-847F-4BD5-AFEE-3C6E32A755D8}.Release|Any CPU.ActiveCfg = Release|Any CPU
		{79233F71-847F-4BD5-AFEE-3C6E32A755D8}.Release|Any CPU.Build.0 = Release|Any CPU
		{81F7DDE9-AE06-4880-95B0-EB3013A4F442}.Debug|Any CPU.ActiveCfg = Debug|Any CPU
		{81F7DDE9-AE06-4880-95B0-EB3013A4F442}.Debug|Any CPU.Build.0 = Debug|Any CPU
		{81F7DDE9-AE06-4880-95B0-EB3013A4F442}.Release|Any CPU.ActiveCfg = Release|Any CPU
		{81F7DDE9-AE06-4880-95B0-EB3013A4F442}.Release|Any CPU.Build.0 = Release|Any CPU
		{EBFBED3D-AC1F-4264-932E-615A30EEEDDC}.Debug|Any CPU.ActiveCfg = Debug|Any CPU
		{EBFBED3D-AC1F-4264-932E-615A30EEEDDC}.Debug|Any CPU.Build.0 = Debug|Any CPU
		{EBFBED3D-AC1F-4264-932E-615A30EEEDDC}.Release|Any CPU.ActiveCfg = Release|Any CPU
		{EBFBED3D-AC1F-4264-932E-615A30EEEDDC}.Release|Any CPU.Build.0 = Release|Any CPU
	EndGlobalSection
	GlobalSection(SolutionProperties) = preSolution
		HideSolutionNode = FALSE
	EndGlobalSection
	GlobalSection(ExtensibilityGlobals) = postSolution
		SolutionGuid = {9C55A6D5-EF5E-49D4-8261-209B694A04EB}
	EndGlobalSection
EndGlobal
